schema: '2.0'
stages:
  clean:
    cmd: python src/clean.py
    deps:
    - path: data/raw/events.csv
      hash: md5
      md5: 431ff8b1e99f6c5ac0a423d9e37ac2a9
      size: 73240
    - path: src/clean.py
      hash: md5
      md5: 338ac295aeca0703046844b28d994063
      size: 843
    outs:
    - path: data/clean/events.csv
      hash: md5
      md5: eeba16c22364401dce9f5f3f919c8c33
      size: 48355
  transform:
    cmd: python src/transform.py
    deps:
    - path: data/clean/events.csv
      hash: md5
      md5: eeba16c22364401dce9f5f3f919c8c33
      size: 48355
    - path: src/transform.py
      hash: md5
      md5: 2357810799141e6172cb79a21c168025
      size: 388
    outs:
    - path: data/transformed/events.csv
      hash: md5
      md5: 94dfa306bf83b159b8c17e194abea9dd
      size: 62825
  features:
    cmd: python src/features.py
    deps:
    - path: data/transformed/events.csv
      hash: md5
      md5: 94dfa306bf83b159b8c17e194abea9dd
      size: 62825
    - path: src/features.py
      hash: md5
      md5: 488d40a9e290a2c8befcff2121212cd3
      size: 456
    outs:
    - path: data/features/events.csv
      hash: md5
      md5: 6333a6b8301ce71ae37eda8e02325ac2
      size: 91920
